
Microsoft Visual Studio Solution File, Format Version 12.00
# Visual Studio Version 17
VisualStudioVersion = 17.0.32112.339
MinimumVisualStudioVersion = 10.0.40219.1
Project("{FAE04EC0-301F-11D3-BF4B-00C04F79EFBC}") = "Console-Example", "Console Example\Console-Example.csproj", "{139B021F-DFD8-4CDF-B282-040A0A5F9903}"
EndProject
Project("{FAE04EC0-301F-11D3-BF4B-00C04F79EFBC}") = "Winform-Example", "WinForm Example\Winform-Example.csproj", "{54A9A1D1-1341-4FCE-A8FF-A91C44A8C82E}"
EndProject
Project("{FAE04EC0-301F-11D3-BF4B-00C04F79EFBC}") = "Auth.GG", "Auth.GG\Auth.GG.csproj", "{67115F33-7FFB-4470-9E8D-31BCCED44092}"
EndProject
Global
	GlobalSection(SolutionConfigurationPlatforms) = preSolution
		Debug|Any CPU = Debug|Any CPU
		Release|Any CPU = Release|Any CPU
	EndGlobalSection
	GlobalSection(ProjectConfigurationPlatforms) = postSolution
		{139B021F-DFD8-4CDF-B282-040A0A5F9903}.Debug|Any CPU.ActiveCfg = Debug|Any CPU
		{139B021F-DFD8-4CDF-B282-040A0A5F9903}.Debug|Any CPU.Build.0 = Debug|Any CPU
		{139B021F-DFD8-4CDF-B282-040A0A5F9903}.Release|Any CPU.ActiveCfg = Release|Any CPU
		{139B021F-DFD8-4CDF-B282-040A0A5F9903}.Release|Any CPU.Build.0 = Release|Any CPU
		{54A9A1D1-1341-4FCE-A8FF-A91C44A8C82E}.Debug|Any CPU.ActiveCfg = Debug|Any CPU
		{54A9A1D1-1341-4FCE-A8FF-A91C44A8C82E}.Debug|Any CPU.Build.0 = Debug|Any CPU
		{54A9A1D1-1341-4FCE-A8FF-A91C44A8C82E}.Release|Any CPU.ActiveCfg = Release|Any CPU
		{54A9A1D1-1341-4FCE-A8FF-A91C44A8C82E}.Release|Any CPU.Build.0 = Release|Any CPU
		{67115F33-7FFB-4470-9E8D-31BCCED44092}.Debug|Any CPU.ActiveCfg = Debug|Any CPU
		{67115F33-7FFB-4470-9E8D-31BCCED44092}.Debug|Any CPU.Build.0 = Debug|Any CPU
		{67115F33-7FFB-4470-9E8D-31BCCED44092}.Release|Any CPU.ActiveCfg = Release|Any CPU
		{67115F33-7FFB-4470-9E8D-31BCCED44092}.Release|Any CPU.Build.0 = Release|Any CPU
	EndGlobalSection
	GlobalSection(SolutionProperties) = preSolution
		HideSolutionNode = FALSE
	EndGlobalSection
	GlobalSection(ExtensibilityGlobals) = postSolution
		SolutionGuid = {5FA81C43-014F-4990-A430-B3DA1EAF59FF}
	EndGlobalSection
EndGlobal
